# This file is automatically @generated by Cargo.
# It is not intended for manual editing.
version = 3

[[package]]
name = "indxvec"
version = "1.2.5"
source = "registry+https://github.com/rust-lang/crates.io-index"
checksum = "1e2772b146d069d4409615a485e1dd3c5eebaedd10fde0f4b24984e2fbfa96b6"

[[package]]
name = "sets"
version = "1.0.6"
dependencies = [
 "indxvec",
]
